
Microsoft Visual Studio Solution File, Format Version 12.00
# Visual Studio Version 17
VisualStudioVersion = 17.4.33122.133
MinimumVisualStudioVersion = 10.0.40219.1
Project("{FAE04EC0-301F-11D3-BF4B-00C04F79EFBC}") = "byte-bank", "byte-bank\byte-bank.csproj", "{3644AC88-60CB-4645-B34B-470425B3921A}"
EndProject
Global
	GlobalSection(SolutionConfigurationPlatforms) = preSolution
		Debug|Any CPU = Debug|Any CPU
		Release|Any CPU = Release|Any CPU
	EndGlobalSection
	GlobalSection(ProjectConfigurationPlatforms) = postSolution
		{3644AC88-60CB-4645-B34B-470425B3921A}.Debug|Any CPU.ActiveCfg = Debug|Any CPU
		{3644AC88-60CB-4645-B34B-470425B3921A}.Debug|Any CPU.Build.0 = Debug|Any CPU
		{3644AC88-60CB-4645-B34B-470425B3921A}.Release|Any CPU.ActiveCfg = Release|Any CPU
		{3644AC88-60CB-4645-B34B-470425B3921A}.Release|Any CPU.Build.0 = Release|Any CPU
	EndGlobalSection
	GlobalSection(SolutionProperties) = preSolution
		HideSolutionNode = FALSE
	EndGlobalSection
	GlobalSection(ExtensibilityGlobals) = postSolution
		SolutionGuid = {6A30D9F8-C43A-4C63-98D2-600F1657D58A}
	EndGlobalSection
EndGlobal
